// !$*UTF8*$!
{
	archiveVersion = 1;
	classes = {
	};
	objectVersion = 56;
	objects = {

/* Begin PBXBuildFile section */
		3E4204C12926CED9002907DD /* ClientView-ViewModel.swift in Sources */ = {isa = PBXBuildFile; fileRef = 3E4204C02926CED9002907DD /* ClientView-ViewModel.swift */; };
		3E4204CA2927D15B002907DD /* ScrollViewProxy in Frameworks */ = {isa = PBXBuildFile; productRef = 3E4204C92927D15B002907DD /* ScrollViewProxy */; };
		3E4204CC2927D1B7002907DD /* View+extension.swift in Sources */ = {isa = PBXBuildFile; fileRef = 3E4204CB2927D1B7002907DD /* View+extension.swift */; };
		3E4204CF2927D1FD002907DD /* Localizable.strings in Resources */ = {isa = PBXBuildFile; fileRef = 3E4204D12927D1FD002907DD /* Localizable.strings */; };
		3E4204D42927D272002907DD /* String+extension.swift in Sources */ = {isa = PBXBuildFile; fileRef = 3E4204D32927D272002907DD /* String+extension.swift */; };
		3E758EDD29258DEB00AEEBB7 /* ImagePicker.swift in Sources */ = {isa = PBXBuildFile; fileRef = 3E758EDC29258DEB00AEEBB7 /* ImagePicker.swift */; };
		3E758EE12925936400AEEBB7 /* ARImageView.swift in Sources */ = {isa = PBXBuildFile; fileRef = 3E758EE02925936400AEEBB7 /* ARImageView.swift */; };
		3E758EE32925946B00AEEBB7 /* UIImage+extension.swift in Sources */ = {isa = PBXBuildFile; fileRef = 3E758EE22925946B00AEEBB7 /* UIImage+extension.swift */; };
		3E758EE529259DC500AEEBB7 /* MessageView.swift in Sources */ = {isa = PBXBuildFile; fileRef = 3E758EE429259DC500AEEBB7 /* MessageView.swift */; };
		3E8104502921879700DD97A7 /* PineCommApp.swift in Sources */ = {isa = PBXBuildFile; fileRef = 3E81044F2921879700DD97A7 /* PineCommApp.swift */; };
		3E8104542921879800DD97A7 /* Assets.xcassets in Resources */ = {isa = PBXBuildFile; fileRef = 3E8104532921879800DD97A7 /* Assets.xcassets */; };
		3E8104572921879800DD97A7 /* Preview Assets.xcassets in Resources */ = {isa = PBXBuildFile; fileRef = 3E8104562921879800DD97A7 /* Preview Assets.xcassets */; };
		3E8104612921879800DD97A7 /* PineCommTests.swift in Sources */ = {isa = PBXBuildFile; fileRef = 3E8104602921879800DD97A7 /* PineCommTests.swift */; };
		3E81046B2921879800DD97A7 /* PineCommUITests.swift in Sources */ = {isa = PBXBuildFile; fileRef = 3E81046A2921879800DD97A7 /* PineCommUITests.swift */; };
		3E81046D2921879800DD97A7 /* PineCommUITestsLaunchTests.swift in Sources */ = {isa = PBXBuildFile; fileRef = 3E81046C2921879800DD97A7 /* PineCommUITestsLaunchTests.swift */; };
		3E81047A292187B300DD97A7 /* RolePickerView.swift in Sources */ = {isa = PBXBuildFile; fileRef = 3E810479292187B300DD97A7 /* RolePickerView.swift */; };
		3E81047C292189DB00DD97A7 /* MultipeerService.swift in Sources */ = {isa = PBXBuildFile; fileRef = 3E81047B292189DA00DD97A7 /* MultipeerService.swift */; };
		3E81047E292189E900DD97A7 /* Constants.swift in Sources */ = {isa = PBXBuildFile; fileRef = 3E81047D292189E900DD97A7 /* Constants.swift */; };
		3E81048129218F4F00DD97A7 /* ClientView.swift in Sources */ = {isa = PBXBuildFile; fileRef = 3E81048029218F4F00DD97A7 /* ClientView.swift */; };
		3E8104852921A1CF00DD97A7 /* Message.swift in Sources */ = {isa = PBXBuildFile; fileRef = 3E8104842921A1CF00DD97A7 /* Message.swift */; };
		3E8104872921A46A00DD97A7 /* ServerView.swift in Sources */ = {isa = PBXBuildFile; fileRef = 3E8104862921A46A00DD97A7 /* ServerView.swift */; };
		3ECCC30929229B8200550CED /* ChatView.swift in Sources */ = {isa = PBXBuildFile; fileRef = 3ECCC30829229B8200550CED /* ChatView.swift */; };
/* End PBXBuildFile section */

/* Begin PBXContainerItemProxy section */
		3E81045D2921879800DD97A7 /* PBXContainerItemProxy */ = {
			isa = PBXContainerItemProxy;
			containerPortal = 3E8104442921879600DD97A7 /* Project object */;
			proxyType = 1;
			remoteGlobalIDString = 3E81044B2921879600DD97A7;
			remoteInfo = PineComm;
		};
		3E8104672921879800DD97A7 /* PBXContainerItemProxy */ = {
			isa = PBXContainerItemProxy;
			containerPortal = 3E8104442921879600DD97A7 /* Project object */;
			proxyType = 1;
			remoteGlobalIDString = 3E81044B2921879600DD97A7;
			remoteInfo = PineComm;
		};
/* End PBXContainerItemProxy section */

/* Begin PBXFileReference section */
		3E4204C02926CED9002907DD /* ClientView-ViewModel.swift */ = {isa = PBXFileReference; lastKnownFileType = sourcecode.swift; path = "ClientView-ViewModel.swift"; sourceTree = "<group>"; };
		3E4204CB2927D1B7002907DD /* View+extension.swift */ = {isa = PBXFileReference; lastKnownFileType = sourcecode.swift; path = "View+extension.swift"; sourceTree = "<group>"; };
		3E4204D02927D1FD002907DD /* en */ = {isa = PBXFileReference; lastKnownFileType = text.plist.strings; name = en; path = en.lproj/Localizable.strings; sourceTree = "<group>"; };
		3E4204D22927D248002907DD /* ru */ = {isa = PBXFileReference; lastKnownFileType = text.plist.strings; name = ru; path = ru.lproj/Localizable.strings; sourceTree = "<group>"; };
		3E4204D32927D272002907DD /* String+extension.swift */ = {isa = PBXFileReference; lastKnownFileType = sourcecode.swift; path = "String+extension.swift"; sourceTree = "<group>"; };
		3E758EDC29258DEB00AEEBB7 /* ImagePicker.swift */ = {isa = PBXFileReference; lastKnownFileType = sourcecode.swift; path = ImagePicker.swift; sourceTree = "<group>"; };
		3E758EE02925936400AEEBB7 /* ARImageView.swift */ = {isa = PBXFileReference; lastKnownFileType = sourcecode.swift; path = ARImageView.swift; sourceTree = "<group>"; };
		3E758EE22925946B00AEEBB7 /* UIImage+extension.swift */ = {isa = PBXFileReference; lastKnownFileType = sourcecode.swift; path = "UIImage+extension.swift"; sourceTree = "<group>"; };
		3E758EE429259DC500AEEBB7 /* MessageView.swift */ = {isa = PBXFileReference; lastKnownFileType = sourcecode.swift; path = MessageView.swift; sourceTree = "<group>"; };
		3E81044C2921879600DD97A7 /* PineComm.app */ = {isa = PBXFileReference; explicitFileType = wrapper.application; includeInIndex = 0; path = PineComm.app; sourceTree = BUILT_PRODUCTS_DIR; };
		3E81044F2921879700DD97A7 /* PineCommApp.swift */ = {isa = PBXFileReference; lastKnownFileType = sourcecode.swift; path = PineCommApp.swift; sourceTree = "<group>"; };
		3E8104532921879800DD97A7 /* Assets.xcassets */ = {isa = PBXFileReference; lastKnownFileType = folder.assetcatalog; path = Assets.xcassets; sourceTree = "<group>"; };
		3E8104562921879800DD97A7 /* Preview Assets.xcassets */ = {isa = PBXFileReference; lastKnownFileType = folder.assetcatalog; path = "Preview Assets.xcassets"; sourceTree = "<group>"; };
		3E81045C2921879800DD97A7 /* PineCommTests.xctest */ = {isa = PBXFileReference; explicitFileType = wrapper.cfbundle; includeInIndex = 0; path = PineCommTests.xctest; sourceTree = BUILT_PRODUCTS_DIR; };
		3E8104602921879800DD97A7 /* PineCommTests.swift */ = {isa = PBXFileReference; lastKnownFileType = sourcecode.swift; path = PineCommTests.swift; sourceTree = "<group>"; };
		3E8104662921879800DD97A7 /* PineCommUITests.xctest */ = {isa = PBXFileReference; explicitFileType = wrapper.cfbundle; includeInIndex = 0; path = PineCommUITests.xctest; sourceTree = BUILT_PRODUCTS_DIR; };
		3E81046A2921879800DD97A7 /* PineCommUITests.swift */ = {isa = PBXFileReference; lastKnownFileType = sourcecode.swift; path = PineCommUITests.swift; sourceTree = "<group>"; };
		3E81046C2921879800DD97A7 /* PineCommUITestsLaunchTests.swift */ = {isa = PBXFileReference; lastKnownFileType = sourcecode.swift; path = PineCommUITestsLaunchTests.swift; sourceTree = "<group>"; };
		3E810479292187B300DD97A7 /* RolePickerView.swift */ = {isa = PBXFileReference; lastKnownFileType = sourcecode.swift; path = RolePickerView.swift; sourceTree = "<group>"; };
		3E81047B292189DA00DD97A7 /* MultipeerService.swift */ = {isa = PBXFileReference; fileEncoding = 4; lastKnownFileType = sourcecode.swift; path = MultipeerService.swift; sourceTree = "<group>"; };
		3E81047D292189E900DD97A7 /* Constants.swift */ = {isa = PBXFileReference; fileEncoding = 4; lastKnownFileType = sourcecode.swift; path = Constants.swift; sourceTree = "<group>"; };
		3E81047F29218CC200DD97A7 /* Info.plist */ = {isa = PBXFileReference; lastKnownFileType = text.plist; path = Info.plist; sourceTree = "<group>"; };
		3E81048029218F4F00DD97A7 /* ClientView.swift */ = {isa = PBXFileReference; lastKnownFileType = sourcecode.swift; path = ClientView.swift; sourceTree = "<group>"; };
		3E8104842921A1CF00DD97A7 /* Message.swift */ = {isa = PBXFileReference; lastKnownFileType = sourcecode.swift; path = Message.swift; sourceTree = "<group>"; };
		3E8104862921A46A00DD97A7 /* ServerView.swift */ = {isa = PBXFileReference; lastKnownFileType = sourcecode.swift; path = ServerView.swift; sourceTree = "<group>"; };
		3ECCC30829229B8200550CED /* ChatView.swift */ = {isa = PBXFileReference; lastKnownFileType = sourcecode.swift; path = ChatView.swift; sourceTree = "<group>"; };
/* End PBXFileReference section */

/* Begin PBXFrameworksBuildPhase section */
		3E8104492921879600DD97A7 /* Frameworks */ = {
			isa = PBXFrameworksBuildPhase;
			buildActionMask = 2147483647;
			files = (
				3E4204CA2927D15B002907DD /* ScrollViewProxy in Frameworks */,
			);
			runOnlyForDeploymentPostprocessing = 0;
		};
		3E8104592921879800DD97A7 /* Frameworks */ = {
			isa = PBXFrameworksBuildPhase;
			buildActionMask = 2147483647;
			files = (
			);
			runOnlyForDeploymentPostprocessing = 0;
		};
		3E8104632921879800DD97A7 /* Frameworks */ = {
			isa = PBXFrameworksBuildPhase;
			buildActionMask = 2147483647;
			files = (
			);
			runOnlyForDeploymentPostprocessing = 0;
		};
/* End PBXFrameworksBuildPhase section */

/* Begin PBXGroup section */
		3E8104432921879600DD97A7 = {
			isa = PBXGroup;
			children = (
				3E81044E2921879600DD97A7 /* PineComm */,
				3E81045F2921879800DD97A7 /* PineCommTests */,
				3E8104692921879800DD97A7 /* PineCommUITests */,
				3E81044D2921879600DD97A7 /* Products */,
			);
			sourceTree = "<group>";
		};
		3E81044D2921879600DD97A7 /* Products */ = {
			isa = PBXGroup;
			children = (
				3E81044C2921879600DD97A7 /* PineComm.app */,
				3E81045C2921879800DD97A7 /* PineCommTests.xctest */,
				3E8104662921879800DD97A7 /* PineCommUITests.xctest */,
			);
			name = Products;
			sourceTree = "<group>";
		};
		3E81044E2921879600DD97A7 /* PineComm */ = {
			isa = PBXGroup;
			children = (
				3E81047F29218CC200DD97A7 /* Info.plist */,
				3E81044F2921879700DD97A7 /* PineCommApp.swift */,
				3E810479292187B300DD97A7 /* RolePickerView.swift */,
				3E81048029218F4F00DD97A7 /* ClientView.swift */,
				3E4204C02926CED9002907DD /* ClientView-ViewModel.swift */,
				3E8104862921A46A00DD97A7 /* ServerView.swift */,
				3E81047B292189DA00DD97A7 /* MultipeerService.swift */,
				3E81047D292189E900DD97A7 /* Constants.swift */,
				3E8104532921879800DD97A7 /* Assets.xcassets */,
				3E8104552921879800DD97A7 /* Preview Content */,
				3E758EE22925946B00AEEBB7 /* UIImage+extension.swift */,
				3E8104842921A1CF00DD97A7 /* Message.swift */,
				3ECCC30829229B8200550CED /* ChatView.swift */,
				3E758EDC29258DEB00AEEBB7 /* ImagePicker.swift */,
				3E758EE02925936400AEEBB7 /* ARImageView.swift */,
				3E758EE429259DC500AEEBB7 /* MessageView.swift */,
				3E4204CB2927D1B7002907DD /* View+extension.swift */,
				3E4204D12927D1FD002907DD /* Localizable.strings */,
				3E4204D32927D272002907DD /* String+extension.swift */,
			);
			path = PineComm;
			sourceTree = "<group>";
		};
		3E8104552921879800DD97A7 /* Preview Content */ = {
			isa = PBXGroup;
			children = (
				3E8104562921879800DD97A7 /* Preview Assets.xcassets */,
			);
			path = "Preview Content";
			sourceTree = "<group>";
		};
		3E81045F2921879800DD97A7 /* PineCommTests */ = {
			isa = PBXGroup;
			children = (
				3E8104602921879800DD97A7 /* PineCommTests.swift */,
			);
			path = PineCommTests;
			sourceTree = "<group>";
		};
		3E8104692921879800DD97A7 /* PineCommUITests */ = {
			isa = PBXGroup;
			children = (
				3E81046A2921879800DD97A7 /* PineCommUITests.swift */,
				3E81046C2921879800DD97A7 /* PineCommUITestsLaunchTests.swift */,
			);
			path = PineCommUITests;
			sourceTree = "<group>";
		};
/* End PBXGroup section */

/* Begin PBXNativeTarget section */
		3E81044B2921879600DD97A7 /* PineComm */ = {
			isa = PBXNativeTarget;
			buildConfigurationList = 3E8104702921879800DD97A7 /* Build configuration list for PBXNativeTarget "PineComm" */;
			buildPhases = (
				3E8104482921879600DD97A7 /* Sources */,
				3E8104492921879600DD97A7 /* Frameworks */,
				3E81044A2921879600DD97A7 /* Resources */,
			);
			buildRules = (
			);
			dependencies = (
			);
			name = PineComm;
			packageProductDependencies = (
				3E4204C92927D15B002907DD /* ScrollViewProxy */,
			);
			productName = PineComm;
			productReference = 3E81044C2921879600DD97A7 /* PineComm.app */;
			productType = "com.apple.product-type.application";
		};
		3E81045B2921879800DD97A7 /* PineCommTests */ = {
			isa = PBXNativeTarget;
			buildConfigurationList = 3E8104732921879800DD97A7 /* Build configuration list for PBXNativeTarget "PineCommTests" */;
			buildPhases = (
				3E8104582921879800DD97A7 /* Sources */,
				3E8104592921879800DD97A7 /* Frameworks */,
				3E81045A2921879800DD97A7 /* Resources */,
			);
			buildRules = (
			);
			dependencies = (
				3E81045E2921879800DD97A7 /* PBXTargetDependency */,
			);
			name = PineCommTests;
			productName = PineCommTests;
			productReference = 3E81045C2921879800DD97A7 /* PineCommTests.xctest */;
			productType = "com.apple.product-type.bundle.unit-test";
		};
		3E8104652921879800DD97A7 /* PineCommUITests */ = {
			isa = PBXNativeTarget;
			buildConfigurationList = 3E8104762921879800DD97A7 /* Build configuration list for PBXNativeTarget "PineCommUITests" */;
			buildPhases = (
				3E8104622921879800DD97A7 /* Sources */,
				3E8104632921879800DD97A7 /* Frameworks */,
				3E8104642921879800DD97A7 /* Resources */,
			);
			buildRules = (
			);
			dependencies = (
				3E8104682921879800DD97A7 /* PBXTargetDependency */,
			);
			name = PineCommUITests;
			productName = PineCommUITests;
			productReference = 3E8104662921879800DD97A7 /* PineCommUITests.xctest */;
			productType = "com.apple.product-type.bundle.ui-testing";
		};
/* End PBXNativeTarget section */

/* Begin PBXProject section */
		3E8104442921879600DD97A7 /* Project object */ = {
			isa = PBXProject;
			attributes = {
				BuildIndependentTargetsInParallel = 1;
				LastSwiftUpdateCheck = 1410;
				LastUpgradeCheck = 1410;
				TargetAttributes = {
					3E81044B2921879600DD97A7 = {
						CreatedOnToolsVersion = 14.1;
					};
					3E81045B2921879800DD97A7 = {
						CreatedOnToolsVersion = 14.1;
						TestTargetID = 3E81044B2921879600DD97A7;
					};
					3E8104652921879800DD97A7 = {
						CreatedOnToolsVersion = 14.1;
						TestTargetID = 3E81044B2921879600DD97A7;
					};
				};
			};
			buildConfigurationList = 3E8104472921879600DD97A7 /* Build configuration list for PBXProject "PineComm" */;
			compatibilityVersion = "Xcode 14.0";
			developmentRegion = en;
			hasScannedForEncodings = 0;
			knownRegions = (
				en,
				Base,
				ru,
			);
			mainGroup = 3E8104432921879600DD97A7;
			packageReferences = (
				3E4204C82927D15B002907DD /* XCRemoteSwiftPackageReference "ScrollViewProxy" */,
			);
			productRefGroup = 3E81044D2921879600DD97A7 /* Products */;
			projectDirPath = "";
			projectRoot = "";
			targets = (
				3E81044B2921879600DD97A7 /* PineComm */,
				3E81045B2921879800DD97A7 /* PineCommTests */,
				3E8104652921879800DD97A7 /* PineCommUITests */,
			);
		};
/* End PBXProject section */

/* Begin PBXResourcesBuildPhase section */
		3E81044A2921879600DD97A7 /* Resources */ = {
			isa = PBXResourcesBuildPhase;
			buildActionMask = 2147483647;
			files = (
				3E8104572921879800DD97A7 /* Preview Assets.xcassets in Resources */,
				3E4204CF2927D1FD002907DD /* Localizable.strings in Resources */,
				3E8104542921879800DD97A7 /* Assets.xcassets in Resources */,
			);
			runOnlyForDeploymentPostprocessing = 0;
		};
		3E81045A2921879800DD97A7 /* Resources */ = {
			isa = PBXResourcesBuildPhase;
			buildActionMask = 2147483647;
			files = (
			);
			runOnlyForDeploymentPostprocessing = 0;
		};
		3E8104642921879800DD97A7 /* Resources */ = {
			isa = PBXResourcesBuildPhase;
			buildActionMask = 2147483647;
			files = (
			);
			runOnlyForDeploymentPostprocessing = 0;
		};
/* End PBXResourcesBuildPhase section */

/* Begin PBXSourcesBuildPhase section */
		3E8104482921879600DD97A7 /* Sources */ = {
			isa = PBXSourcesBuildPhase;
			buildActionMask = 2147483647;
			files = (
				3E758EE529259DC500AEEBB7 /* MessageView.swift in Sources */,
				3E4204C12926CED9002907DD /* ClientView-ViewModel.swift in Sources */,
				3E4204CC2927D1B7002907DD /* View+extension.swift in Sources */,
				3E81047A292187B300DD97A7 /* RolePickerView.swift in Sources */,
				3E758EE12925936400AEEBB7 /* ARImageView.swift in Sources */,
				3E81048129218F4F00DD97A7 /* ClientView.swift in Sources */,
				3E758EE32925946B00AEEBB7 /* UIImage+extension.swift in Sources */,
				3E81047C292189DB00DD97A7 /* MultipeerService.swift in Sources */,
				3ECCC30929229B8200550CED /* ChatView.swift in Sources */,
				3E8104502921879700DD97A7 /* PineCommApp.swift in Sources */,
				3E8104872921A46A00DD97A7 /* ServerView.swift in Sources */,
				3E4204D42927D272002907DD /* String+extension.swift in Sources */,
				3E758EDD29258DEB00AEEBB7 /* ImagePicker.swift in Sources */,
				3E81047E292189E900DD97A7 /* Constants.swift in Sources */,
				3E8104852921A1CF00DD97A7 /* Message.swift in Sources */,
			);
			runOnlyForDeploymentPostprocessing = 0;
		};
		3E8104582921879800DD97A7 /* Sources */ = {
			isa = PBXSourcesBuildPhase;
			buildActionMask = 2147483647;
			files = (
				3E8104612921879800DD97A7 /* PineCommTests.swift in Sources */,
			);
			runOnlyForDeploymentPostprocessing = 0;
		};
		3E8104622921879800DD97A7 /* Sources */ = {
			isa = PBXSourcesBuildPhase;
			buildActionMask = 2147483647;
			files = (
				3E81046D2921879800DD97A7 /* PineCommUITestsLaunchTests.swift in Sources */,
				3E81046B2921879800DD97A7 /* PineCommUITests.swift in Sources */,
			);
			runOnlyForDeploymentPostprocessing = 0;
		};
/* End PBXSourcesBuildPhase section */

/* Begin PBXTargetDependency section */
		3E81045E2921879800DD97A7 /* PBXTargetDependency */ = {
			isa = PBXTargetDependency;
			target = 3E81044B2921879600DD97A7 /* PineComm */;
			targetProxy = 3E81045D2921879800DD97A7 /* PBXContainerItemProxy */;
		};
		3E8104682921879800DD97A7 /* PBXTargetDependency */ = {
			isa = PBXTargetDependency;
			target = 3E81044B2921879600DD97A7 /* PineComm */;
			targetProxy = 3E8104672921879800DD97A7 /* PBXContainerItemProxy */;
		};
/* End PBXTargetDependency section */

/* Begin PBXVariantGroup section */
		3E4204D12927D1FD002907DD /* Localizable.strings */ = {
			isa = PBXVariantGroup;
			children = (
				3E4204D02927D1FD002907DD /* en */,
				3E4204D22927D248002907DD /* ru */,
			);
			name = Localizable.strings;
			sourceTree = "<group>";
		};
/* End PBXVariantGroup section */

/* Begin XCBuildConfiguration section */
		3E81046E2921879800DD97A7 /* Debug */ = {
			isa = XCBuildConfiguration;
			buildSettings = {
				ALWAYS_SEARCH_USER_PATHS = NO;
				CLANG_ANALYZER_LOCALIZABILITY_NONLOCALIZED = YES;
				CLANG_ANALYZER_NONNULL = YES;
				CLANG_ANALYZER_NUMBER_OBJECT_CONVERSION = YES_AGGRESSIVE;
				CLANG_CXX_LANGUAGE_STANDARD = "gnu++20";
				CLANG_ENABLE_MODULES = YES;
				CLANG_ENABLE_OBJC_ARC = YES;
				CLANG_ENABLE_OBJC_WEAK = YES;
				CLANG_WARN_BLOCK_CAPTURE_AUTORELEASING = YES;
				CLANG_WARN_BOOL_CONVERSION = YES;
				CLANG_WARN_COMMA = YES;
				CLANG_WARN_CONSTANT_CONVERSION = YES;
				CLANG_WARN_DEPRECATED_OBJC_IMPLEMENTATIONS = YES;
				CLANG_WARN_DIRECT_OBJC_ISA_USAGE = YES_ERROR;
				CLANG_WARN_DOCUMENTATION_COMMENTS = YES;
				CLANG_WARN_EMPTY_BODY = YES;
				CLANG_WARN_ENUM_CONVERSION = YES;
				CLANG_WARN_INFINITE_RECURSION = YES;
				CLANG_WARN_INT_CONVERSION = YES;
				CLANG_WARN_NON_LITERAL_NULL_CONVERSION = YES;
				CLANG_WARN_OBJC_IMPLICIT_RETAIN_SELF = YES;
				CLANG_WARN_OBJC_LITERAL_CONVERSION = YES;
				CLANG_WARN_OBJC_ROOT_CLASS = YES_ERROR;
				CLANG_WARN_QUOTED_INCLUDE_IN_FRAMEWORK_HEADER = YES;
				CLANG_WARN_RANGE_LOOP_ANALYSIS = YES;
				CLANG_WARN_STRICT_PROTOTYPES = YES;
				CLANG_WARN_SUSPICIOUS_MOVE = YES;
				CLANG_WARN_UNGUARDED_AVAILABILITY = YES_AGGRESSIVE;
				CLANG_WARN_UNREACHABLE_CODE = YES;
				CLANG_WARN__DUPLICATE_METHOD_MATCH = YES;
				COPY_PHASE_STRIP = NO;
				DEBUG_INFORMATION_FORMAT = dwarf;
				ENABLE_STRICT_OBJC_MSGSEND = YES;
				ENABLE_TESTABILITY = YES;
				GCC_C_LANGUAGE_STANDARD = gnu11;
				GCC_DYNAMIC_NO_PIC = NO;
				GCC_NO_COMMON_BLOCKS = YES;
				GCC_OPTIMIZATION_LEVEL = 0;
				GCC_PREPROCESSOR_DEFINITIONS = (
					"DEBUG=1",
					"$(inherited)",
				);
				GCC_WARN_64_TO_32_BIT_CONVERSION = YES;
				GCC_WARN_ABOUT_RETURN_TYPE = YES_ERROR;
				GCC_WARN_UNDECLARED_SELECTOR = YES;
				GCC_WARN_UNINITIALIZED_AUTOS = YES_AGGRESSIVE;
				GCC_WARN_UNUSED_FUNCTION = YES;
				GCC_WARN_UNUSED_VARIABLE = YES;
				IPHONEOS_DEPLOYMENT_TARGET = 13.0;
				MTL_ENABLE_DEBUG_INFO = INCLUDE_SOURCE;
				MTL_FAST_MATH = YES;
				ONLY_ACTIVE_ARCH = YES;
				SDKROOT = iphoneos;
				SWIFT_ACTIVE_COMPILATION_CONDITIONS = DEBUG;
				SWIFT_OPTIMIZATION_LEVEL = "-Onone";
			};
			name = Debug;
		};
		3E81046F2921879800DD97A7 /* Release */ = {
			isa = XCBuildConfiguration;
			buildSettings = {
				ALWAYS_SEARCH_USER_PATHS = NO;
				CLANG_ANALYZER_LOCALIZABILITY_NONLOCALIZED = YES;
				CLANG_ANALYZER_NONNULL = YES;
				CLANG_ANALYZER_NUMBER_OBJECT_CONVERSION = YES_AGGRESSIVE;
				CLANG_CXX_LANGUAGE_STANDARD = "gnu++20";
				CLANG_ENABLE_MODULES = YES;
				CLANG_ENABLE_OBJC_ARC = YES;
				CLANG_ENABLE_OBJC_WEAK = YES;
				CLANG_WARN_BLOCK_CAPTURE_AUTORELEASING = YES;
				CLANG_WARN_BOOL_CONVERSION = YES;
				CLANG_WARN_COMMA = YES;
				CLANG_WARN_CONSTANT_CONVERSION = YES;
				CLANG_WARN_DEPRECATED_OBJC_IMPLEMENTATIONS = YES;
				CLANG_WARN_DIRECT_OBJC_ISA_USAGE = YES_ERROR;
				CLANG_WARN_DOCUMENTATION_COMMENTS = YES;
				CLANG_WARN_EMPTY_BODY = YES;
				CLANG_WARN_ENUM_CONVERSION = YES;
				CLANG_WARN_INFINITE_RECURSION = YES;
				CLANG_WARN_INT_CONVERSION = YES;
				CLANG_WARN_NON_LITERAL_NULL_CONVERSION = YES;
				CLANG_WARN_OBJC_IMPLICIT_RETAIN_SELF = YES;
				CLANG_WARN_OBJC_LITERAL_CONVERSION = YES;
				CLANG_WARN_OBJC_ROOT_CLASS = YES_ERROR;
				CLANG_WARN_QUOTED_INCLUDE_IN_FRAMEWORK_HEADER = YES;
				CLANG_WARN_RANGE_LOOP_ANALYSIS = YES;
				CLANG_WARN_STRICT_PROTOTYPES = YES;
				CLANG_WARN_SUSPICIOUS_MOVE = YES;
				CLANG_WARN_UNGUARDED_AVAILABILITY = YES_AGGRESSIVE;
				CLANG_WARN_UNREACHABLE_CODE = YES;
				CLANG_WARN__DUPLICATE_METHOD_MATCH = YES;
				COPY_PHASE_STRIP = NO;
				DEBUG_INFORMATION_FORMAT = "dwarf-with-dsym";
				ENABLE_NS_ASSERTIONS = NO;
				ENABLE_STRICT_OBJC_MSGSEND = YES;
				GCC_C_LANGUAGE_STANDARD = gnu11;
				GCC_NO_COMMON_BLOCKS = YES;
				GCC_WARN_64_TO_32_BIT_CONVERSION = YES;
				GCC_WARN_ABOUT_RETURN_TYPE = YES_ERROR;
				GCC_WARN_UNDECLARED_SELECTOR = YES;
				GCC_WARN_UNINITIALIZED_AUTOS = YES_AGGRESSIVE;
				GCC_WARN_UNUSED_FUNCTION = YES;
				GCC_WARN_UNUSED_VARIABLE = YES;
				IPHONEOS_DEPLOYMENT_TARGET = 13.0;
				MTL_ENABLE_DEBUG_INFO = NO;
				MTL_FAST_MATH = YES;
				SDKROOT = iphoneos;
				SWIFT_COMPILATION_MODE = wholemodule;
				SWIFT_OPTIMIZATION_LEVEL = "-O";
				VALIDATE_PRODUCT = YES;
			};
			name = Release;
		};
		3E8104712921879800DD97A7 /* Debug */ = {
			isa = XCBuildConfiguration;
			buildSettings = {
				ASSETCATALOG_COMPILER_APPICON_NAME = AppIcon;
				ASSETCATALOG_COMPILER_GLOBAL_ACCENT_COLOR_NAME = AccentColor;
				CODE_SIGN_STYLE = Automatic;
				CURRENT_PROJECT_VERSION = 1;
				DEVELOPMENT_ASSET_PATHS = "\"PineComm/Preview Content\"";
				DEVELOPMENT_TEAM = S4TJY8UCM7;
				ENABLE_PREVIEWS = YES;
				GENERATE_INFOPLIST_FILE = YES;
				INFOPLIST_FILE = PineComm/Info.plist;
				INFOPLIST_KEY_NSCameraUsageDescription = "Camera is used for image viewing in AR";
				INFOPLIST_KEY_NSLocalNetworkUsageDescription = "Local network is used for messaging";
				INFOPLIST_KEY_UIApplicationSupportsIndirectInputEvents = YES;
				INFOPLIST_KEY_UILaunchScreen_Generation = YES;
				INFOPLIST_KEY_UISupportedInterfaceOrientations_iPad = "UIInterfaceOrientationPortrait UIInterfaceOrientationPortraitUpsideDown UIInterfaceOrientationLandscapeLeft UIInterfaceOrientationLandscapeRight";
				INFOPLIST_KEY_UISupportedInterfaceOrientations_iPhone = "UIInterfaceOrientationPortrait UIInterfaceOrientationLandscapeLeft UIInterfaceOrientationLandscapeRight";
				IPHONEOS_DEPLOYMENT_TARGET = 13.0;
				LD_RUNPATH_SEARCH_PATHS = (
					"$(inherited)",
					"@executable_path/Frameworks",
				);
				MARKETING_VERSION = 1.0;
				PRODUCT_BUNDLE_IDENTIFIER = com.stefjen07.PineComm;
				PRODUCT_NAME = "$(TARGET_NAME)";
				SWIFT_EMIT_LOC_STRINGS = YES;
				SWIFT_VERSION = 5.0;
				TARGETED_DEVICE_FAMILY = "1,2";
			};
			name = Debug;
		};
		3E8104722921879800DD97A7 /* Release */ = {
			isa = XCBuildConfiguration;
			buildSettings = {
				ASSETCATALOG_COMPILER_APPICON_NAME = AppIcon;
				ASSETCATALOG_COMPILER_GLOBAL_ACCENT_COLOR_NAME = AccentColor;
				CODE_SIGN_STYLE = Automatic;
				CURRENT_PROJECT_VERSION = 1;
				DEVELOPMENT_ASSET_PATHS = "\"PineComm/Preview Content\"";
				DEVELOPMENT_TEAM = S4TJY8UCM7;
				ENABLE_PREVIEWS = YES;
				GENERATE_INFOPLIST_FILE = YES;
				INFOPLIST_FILE = PineComm/Info.plist;
				INFOPLIST_KEY_NSCameraUsageDescription = "Camera is used for image viewing in AR";
				INFOPLIST_KEY_NSLocalNetworkUsageDescription = "Local network is used for messaging";
				INFOPLIST_KEY_UIApplicationSupportsIndirectInputEvents = YES;
				INFOPLIST_KEY_UILaunchScreen_Generation = YES;
				INFOPLIST_KEY_UISupportedInterfaceOrientations_iPad = "UIInterfaceOrientationPortrait UIInterfaceOrientationPortraitUpsideDown UIInterfaceOrientationLandscapeLeft UIInterfaceOrientationLandscapeRight";
				INFOPLIST_KEY_UISupportedInterfaceOrientations_iPhone = "UIInterfaceOrientationPortrait UIInterfaceOrientationLandscapeLeft UIInterfaceOrientationLandscapeRight";
				IPHONEOS_DEPLOYMENT_TARGET = 13.0;
				LD_RUNPATH_SEARCH_PATHS = (
					"$(inherited)",
					"@executable_path/Frameworks",
				);
				MARKETING_VERSION = 1.0;
				PRODUCT_BUNDLE_IDENTIFIER = com.stefjen07.PineComm;
				PRODUCT_NAME = "$(TARGET_NAME)";
				SWIFT_EMIT_LOC_STRINGS = YES;
				SWIFT_VERSION = 5.0;
				TARGETED_DEVICE_FAMILY = "1,2";
			};
			name = Release;
		};
		3E8104742921879800DD97A7 /* Debug */ = {
			isa = XCBuildConfiguration;
			buildSettings = {
				ALWAYS_EMBED_SWIFT_STANDARD_LIBRARIES = YES;
				BUNDLE_LOADER = "$(TEST_HOST)";
				CODE_SIGN_STYLE = Automatic;
				CURRENT_PROJECT_VERSION = 1;
				DEVELOPMENT_TEAM = S4TJY8UCM7;
				GENERATE_INFOPLIST_FILE = YES;
				IPHONEOS_DEPLOYMENT_TARGET = 16.1;
				MARKETING_VERSION = 1.0;
				PRODUCT_BUNDLE_IDENTIFIER = com.stefjen07.PineCommTests;
				PRODUCT_NAME = "$(TARGET_NAME)";
				SWIFT_EMIT_LOC_STRINGS = NO;
				SWIFT_VERSION = 5.0;
				TARGETED_DEVICE_FAMILY = "1,2";
				TEST_HOST = "$(BUILT_PRODUCTS_DIR)/PineComm.app/$(BUNDLE_EXECUTABLE_FOLDER_PATH)/PineComm";
			};
			name = Debug;
		};
		3E8104752921879800DD97A7 /* Release */ = {
			isa = XCBuildConfiguration;
			buildSettings = {
				ALWAYS_EMBED_SWIFT_STANDARD_LIBRARIES = YES;
				BUNDLE_LOADER = "$(TEST_HOST)";
				CODE_SIGN_STYLE = Automatic;
				CURRENT_PROJECT_VERSION = 1;
				DEVELOPMENT_TEAM = S4TJY8UCM7;
				GENERATE_INFOPLIST_FILE = YES;
				IPHONEOS_DEPLOYMENT_TARGET = 16.1;
				MARKETING_VERSION = 1.0;
				PRODUCT_BUNDLE_IDENTIFIER = com.stefjen07.PineCommTests;
				PRODUCT_NAME = "$(TARGET_NAME)";
				SWIFT_EMIT_LOC_STRINGS = NO;
				SWIFT_VERSION = 5.0;
				TARGETED_DEVICE_FAMILY = "1,2";
				TEST_HOST = "$(BUILT_PRODUCTS_DIR)/PineComm.app/$(BUNDLE_EXECUTABLE_FOLDER_PATH)/PineComm";
			};
			name = Release;
		};
		3E8104772921879800DD97A7 /* Debug */ = {
			isa = XCBuildConfiguration;
			buildSettings = {
				ALWAYS_EMBED_SWIFT_STANDARD_LIBRARIES = YES;
				CODE_SIGN_STYLE = Automatic;
				CURRENT_PROJECT_VERSION = 1;
				DEVELOPMENT_TEAM = S4TJY8UCM7;
				GENERATE_INFOPLIST_FILE = YES;
				MARKETING_VERSION = 1.0;
				PRODUCT_BUNDLE_IDENTIFIER = com.stefjen07.PineCommUITests;
				PRODUCT_NAME = "$(TARGET_NAME)";
				SWIFT_EMIT_LOC_STRINGS = NO;
				SWIFT_VERSION = 5.0;
				TARGETED_DEVICE_FAMILY = "1,2";
				TEST_TARGET_NAME = PineComm;
			};
			name = Debug;
		};
		3E8104782921879800DD97A7 /* Release */ = {
			isa = XCBuildConfiguration;
			buildSettings = {
				ALWAYS_EMBED_SWIFT_STANDARD_LIBRARIES = YES;
				CODE_SIGN_STYLE = Automatic;
				CURRENT_PROJECT_VERSION = 1;
				DEVELOPMENT_TEAM = S4TJY8UCM7;
				GENERATE_INFOPLIST_FILE = YES;
				MARKETING_VERSION = 1.0;
				PRODUCT_BUNDLE_IDENTIFIER = com.stefjen07.PineCommUITests;
				PRODUCT_NAME = "$(TARGET_NAME)";
				SWIFT_EMIT_LOC_STRINGS = NO;
				SWIFT_VERSION = 5.0;
				TARGETED_DEVICE_FAMILY = "1,2";
				TEST_TARGET_NAME = PineComm;
			};
			name = Release;
		};
/* End XCBuildConfiguration section */

/* Begin XCConfigurationList section */
		3E8104472921879600DD97A7 /* Build configuration list for PBXProject "PineComm" */ = {
			isa = XCConfigurationList;
			buildConfigurations = (
				3E81046E2921879800DD97A7 /* Debug */,
				3E81046F2921879800DD97A7 /* Release */,
			);
			defaultConfigurationIsVisible = 0;
			defaultConfigurationName = Release;
		};
		3E8104702921879800DD97A7 /* Build configuration list for PBXNativeTarget "PineComm" */ = {
			isa = XCConfigurationList;
			buildConfigurations = (
				3E8104712921879800DD97A7 /* Debug */,
				3E8104722921879800DD97A7 /* Release */,
			);
			defaultConfigurationIsVisible = 0;
			defaultConfigurationName = Release;
		};
		3E8104732921879800DD97A7 /* Build configuration list for PBXNativeTarget "PineCommTests" */ = {
			isa = XCConfigurationList;
			buildConfigurations = (
				3E8104742921879800DD97A7 /* Debug */,
				3E8104752921879800DD97A7 /* Release */,
			);
			defaultConfigurationIsVisible = 0;
			defaultConfigurationName = Release;
		};
		3E8104762921879800DD97A7 /* Build configuration list for PBXNativeTarget "PineCommUITests" */ = {
			isa = XCConfigurationList;
			buildConfigurations = (
				3E8104772921879800DD97A7 /* Debug */,
				3E8104782921879800DD97A7 /* Release */,
			);
			defaultConfigurationIsVisible = 0;
			defaultConfigurationName = Release;
		};
/* End XCConfigurationList section */

/* Begin XCRemoteSwiftPackageReference section */
		3E4204C82927D15B002907DD /* XCRemoteSwiftPackageReference "ScrollViewProxy" */ = {
			isa = XCRemoteSwiftPackageReference;
			repositoryURL = "https://github.com/Amzd/ScrollViewProxy.git";
			requirement = {
				kind = upToNextMajorVersion;
				minimumVersion = 1.0.0;
			};
		};
/* End XCRemoteSwiftPackageReference section */

/* Begin XCSwiftPackageProductDependency section */
		3E4204C92927D15B002907DD /* ScrollViewProxy */ = {
			isa = XCSwiftPackageProductDependency;
			package = 3E4204C82927D15B002907DD /* XCRemoteSwiftPackageReference "ScrollViewProxy" */;
			productName = ScrollViewProxy;
		};
/* End XCSwiftPackageProductDependency section */
	};
	rootObject = 3E8104442921879600DD97A7 /* Project object */;
}
